<?xml version="1.0" encoding="utf-8"?>
<Project ToolsVersion="4.0" xmlns="http://schemas.microsoft.com/developer/msbuild/2003">
  <ItemGroup>
    <Filter Include="Source Files">
      <UniqueIdentifier>{4FC737F1-C7A5-4376-A066-2A32D752A2FF}</UniqueIdentifier>
      <Extensions>cpp;c;cc;cxx;def;odl;idl;hpj;bat;asm;asmx</Extensions>
    </Filter>
    <Filter Include="Header Files">
      <UniqueIdentifier>{93995380-89BD-4b04-88EB-625FBE52EBFB}</UniqueIdentifier>
      <Extensions>h;hh;hpp;hxx;hm;inl;inc;ipp;xsd</Extensions>
    </Filter>
    <Filter Include="Resource Files">
      <UniqueIdentifier>{67DA6AB6-F800-4c08-8B7A-83BB121AAD01}</UniqueIdentifier>
      <Extensions>rc;ico;cur;bmp;dlg;rc2;rct;bin;rgs;gif;jpg;jpeg;jpe;resx;tiff;tif;png;wav;mfcribbon-ms</Extensions>
    </Filter>
    <Filter Include="Header Files\utils">
      <UniqueIdentifier>{54fb54c5-dd05-444f-874a-a37a4fa220b3}</UniqueIdentifier>
    </Filter>
    <Filter Include="Header Files\gui">
      <UniqueIdentifier>{3b486c56-4ed8-4c5b-8435-427ce946dba2}</UniqueIdentifier>
    </Filter>
    <Filter Include="Header Files\minhook">
      <UniqueIdentifier>{12487770-9dfe-4b00-aabf-5263fb6ecee5}</UniqueIdentifier>
    </Filter>
    <Filter Include="Header Files\gui\imgui">
      <UniqueIdentifier>{187f6991-fbc1-4dc3-9335-d2defcd1baac}</UniqueIdentifier>
    </Filter>
    <Filter Include="Header Files\plugin">
      <UniqueIdentifier>{3b7b82ba-338e-4e09-932d-fddd0eb860a7}</UniqueIdentifier>
    </Filter>
    <Filter Include="Header Files\umvc3">
      <UniqueIdentifier>{d5140f0a-c851-4b06-a6cc-3c58b7998b72}</UniqueIdentifier>
    </Filter>
    <Filter Include="Header Files\helper">
      <UniqueIdentifier>{fd541d81-a23a-42d6-b4e3-36284ad3d942}</UniqueIdentifier>
    </Filter>
  </ItemGroup>
  <ItemGroup>
    <ClInclude Include="framework.h">
      <Filter>Header Files</Filter>
    </ClInclude>
    <ClInclude Include="pch.h">
      <Filter>Header Files</Filter>
    </ClInclude>
    <ClInclude Include="resource.h">
      <Filter>Header Files</Filter>
    </ClInclude>
    <ClInclude Include="gui\dx9hook.h">
      <Filter>Header Files\gui</Filter>
    </ClInclude>
    <ClInclude Include="minhook\src\buffer.h">
      <Filter>Header Files\minhook</Filter>
    </ClInclude>
    <ClInclude Include="minhook\src\trampoline.h">
      <Filter>Header Files\minhook</Filter>
    </ClInclude>
    <ClInclude Include="minhook\src\hde\hde32.h">
      <Filter>Header Files\minhook</Filter>
    </ClInclude>
    <ClInclude Include="minhook\src\hde\hde64.h">
      <Filter>Header Files\minhook</Filter>
    </ClInclude>
    <ClInclude Include="minhook\src\hde\pstdint.h">
      <Filter>Header Files\minhook</Filter>
    </ClInclude>
    <ClInclude Include="minhook\src\hde\table32.h">
      <Filter>Header Files\minhook</Filter>
    </ClInclude>
    <ClInclude Include="minhook\src\hde\table64.h">
      <Filter>Header Files\minhook</Filter>
    </ClInclude>
    <ClInclude Include="gui\log.h">
      <Filter>Header Files\gui</Filter>
    </ClInclude>
    <ClInclude Include="gui\gui_impl_dx9.h">
      <Filter>Header Files\gui</Filter>
    </ClInclude>
    <ClInclude Include="gui\imgui\imconfig.h">
      <Filter>Header Files\gui\imgui</Filter>
    </ClInclude>
    <ClInclude Include="gui\imgui\imgui.h">
      <Filter>Header Files\gui\imgui</Filter>
    </ClInclude>
    <ClInclude Include="gui\imgui\imgui_impl_dx9.h">
      <Filter>Header Files\gui\imgui</Filter>
    </ClInclude>
    <ClInclude Include="gui\imgui\imgui_impl_win32.h">
      <Filter>Header Files\gui\imgui</Filter>
    </ClInclude>
    <ClInclude Include="gui\imgui\imgui_internal.h">
      <Filter>Header Files\gui\imgui</Filter>
    </ClInclude>
    <ClInclude Include="gui\imgui\imstb_rectpack.h">
      <Filter>Header Files\gui\imgui</Filter>
    </ClInclude>
    <ClInclude Include="gui\imgui\imstb_textedit.h">
      <Filter>Header Files\gui\imgui</Filter>
    </ClInclude>
    <ClInclude Include="gui\imgui\imstb_truetype.h">
      <Filter>Header Files\gui\imgui</Filter>
    </ClInclude>
    <ClInclude Include="gui\font.h">
      <Filter>Header Files\gui</Filter>
    </ClInclude>
    <ClInclude Include="utils\addr.h">
      <Filter>Header Files\utils</Filter>
    </ClInclude>
    <ClInclude Include="utils\core.h">
      <Filter>Header Files\utils</Filter>
    </ClInclude>
    <ClInclude Include="utils\IniReader.h">
      <Filter>Header Files\utils</Filter>
    </ClInclude>
    <ClInclude Include="utils\MemoryMgr.h">
      <Filter>Header Files\utils</Filter>
    </ClInclude>
    <ClInclude Include="utils\Patterns.h">
      <Filter>Header Files\utils</Filter>
    </ClInclude>
    <ClInclude Include="utils\Trampoline.h">
      <Filter>Header Files\utils</Filter>
    </ClInclude>
    <ClInclude Include="plugin\Menu.h">
      <Filter>Header Files\plugin</Filter>
    </ClInclude>
    <ClInclude Include="umvc3\Vector.h">
      <Filter>Header Files\umvc3</Filter>
    </ClInclude>
    <ClInclude Include="plugin\Settings.h">
      <Filter>Header Files\plugin</Filter>
    </ClInclude>
    <ClInclude Include="helper\eKeyboardMan.h">
      <Filter>Header Files\helper</Filter>
    </ClInclude>
    <ClInclude Include="umvc3\Matrix.h">
      <Filter>Header Files\umvc3</Filter>
    </ClInclude>
    <ClInclude Include="umvc3\Camera.h">
      <Filter>Header Files\umvc3</Filter>
    </ClInclude>
    <ClInclude Include="plugin\Hooks.h">
      <Filter>Header Files\plugin</Filter>
    </ClInclude>
    <ClInclude Include="gui\notifications.h">
      <Filter>Header Files\gui</Filter>
    </ClInclude>
  </ItemGroup>
  <ItemGroup>
    <ClCompile Include="dllmain.cpp">
      <Filter>Source Files</Filter>
    </ClCompile>
    <ClCompile Include="pch.cpp">
      <Filter>Source Files</Filter>
    </ClCompile>
    <ClCompile Include="minhook\src\buffer.c">
      <Filter>Header Files\minhook</Filter>
    </ClCompile>
    <ClCompile Include="minhook\src\hook.c">
      <Filter>Header Files\minhook</Filter>
    </ClCompile>
    <ClCompile Include="minhook\src\trampoline.c">
      <Filter>Header Files\minhook</Filter>
    </ClCompile>
    <ClCompile Include="minhook\src\hde\hde32.c">
      <Filter>Header Files\minhook</Filter>
    </ClCompile>
    <ClCompile Include="minhook\src\hde\hde64.c">
      <Filter>Header Files\minhook</Filter>
    </ClCompile>
    <ClCompile Include="gui\log.cpp">
      <Filter>Header Files\gui</Filter>
    </ClCompile>
    <ClCompile Include="gui\dx9hook.cpp">
      <Filter>Header Files\gui</Filter>
    </ClCompile>
    <ClCompile Include="gui\imgui\imgui.cpp">
      <Filter>Header Files\gui\imgui</Filter>
    </ClCompile>
    <ClCompile Include="gui\imgui\imgui_demo.cpp">
      <Filter>Header Files\gui\imgui</Filter>
    </ClCompile>
    <ClCompile Include="gui\imgui\imgui_draw.cpp">
      <Filter>Header Files\gui\imgui</Filter>
    </ClCompile>
    <ClCompile Include="gui\imgui\imgui_impl_dx9.cpp">
      <Filter>Header Files\gui\imgui</Filter>
    </ClCompile>
    <ClCompile Include="gui\imgui\imgui_impl_win32.cpp">
      <Filter>Header Files\gui\imgui</Filter>
    </ClCompile>
    <ClCompile Include="gui\imgui\imgui_tables.cpp">
      <Filter>Header Files\gui\imgui</Filter>
    </ClCompile>
    <ClCompile Include="gui\imgui\imgui_widgets.cpp">
      <Filter>Header Files\gui\imgui</Filter>
    </ClCompile>
    <ClCompile Include="gui\gui_impl_dx9.cpp">
      <Filter>Header Files\gui</Filter>
    </ClCompile>
    <ClCompile Include="utils\addr.cpp">
      <Filter>Header Files\utils</Filter>
    </ClCompile>
    <ClCompile Include="utils\IniReader.cpp">
      <Filter>Header Files\utils</Filter>
    </ClCompile>
    <ClCompile Include="utils\Patterns.cpp">
      <Filter>Header Files\utils</Filter>
    </ClCompile>
    <ClCompile Include="plugin\Menu.cpp">
      <Filter>Header Files\plugin</Filter>
    </ClCompile>
    <ClCompile Include="helper\eKeyboardMan.cpp">
      <Filter>Header Files\helper</Filter>
    </ClCompile>
    <ClCompile Include="umvc3\Matrix.cpp">
      <Filter>Header Files\umvc3</Filter>
    </ClCompile>
    <ClCompile Include="umvc3\Camera.cpp">
      <Filter>Header Files\umvc3</Filter>
    </ClCompile>
    <ClCompile Include="plugin\Hooks.cpp">
      <Filter>Header Files\plugin</Filter>
    </ClCompile>
    <ClCompile Include="plugin\Settings.cpp">
      <Filter>Header Files\plugin</Filter>
    </ClCompile>
    <ClCompile Include="umvc3\Vector.cpp">
      <Filter>Header Files\umvc3</Filter>
    </ClCompile>
    <ClCompile Include="gui\notifications.cpp">
      <Filter>Header Files\gui</Filter>
    </ClCompile>
  </ItemGroup>
  <ItemGroup>
    <ResourceCompile Include="UMVC3Hook.rc">
      <Filter>Resource Files</Filter>
    </ResourceCompile>
  </ItemGroup>
</Project>